
Microsoft Visual Studio Solution File, Format Version 12.00
# Visual Studio 15
VisualStudioVersion = 15.0.26124.0
MinimumVisualStudioVersion = 15.0.26124.0
Project("{FAE04EC0-301F-11D3-BF4B-00C04F79EFBC}") = "StampsService", "StampsService\StampsService.csproj", "{78F74F84-19AF-4D24-82F7-4D52189F3D23}"
EndProject
Project("{FAE04EC0-301F-11D3-BF4B-00C04F79EFBC}") = "StampsService.Tests", "StampsService.Tests\StampsService.Tests.csproj", "{7394BCCC-4251-4A51-BC7C-02A4C59615AD}"
EndProject
Global
	GlobalSection(SolutionConfigurationPlatforms) = preSolution
		Debug|Any CPU = Debug|Any CPU
		Debug|x64 = Debug|x64
		Debug|x86 = Debug|x86
		Release|Any CPU = Release|Any CPU
		Release|x64 = Release|x64
		Release|x86 = Release|x86
	EndGlobalSection
	GlobalSection(SolutionProperties) = preSolution
		HideSolutionNode = FALSE
	EndGlobalSection
	GlobalSection(ProjectConfigurationPlatforms) = postSolution
		{78F74F84-19AF-4D24-82F7-4D52189F3D23}.Debug|Any CPU.ActiveCfg = Debug|Any CPU
		{78F74F84-19AF-4D24-82F7-4D52189F3D23}.Debug|Any CPU.Build.0 = Debug|Any CPU
		{78F74F84-19AF-4D24-82F7-4D52189F3D23}.Debug|x64.ActiveCfg = Debug|Any CPU
		{78F74F84-19AF-4D24-82F7-4D52189F3D23}.Debug|x64.Build.0 = Debug|Any CPU
		{78F74F84-19AF-4D24-82F7-4D52189F3D23}.Debug|x86.ActiveCfg = Debug|Any CPU
		{78F74F84-19AF-4D24-82F7-4D52189F3D23}.Debug|x86.Build.0 = Debug|Any CPU
		{78F74F84-19AF-4D24-82F7-4D52189F3D23}.Release|Any CPU.ActiveCfg = Release|Any CPU
		{78F74F84-19AF-4D24-82F7-4D52189F3D23}.Release|Any CPU.Build.0 = Release|Any CPU
		{78F74F84-19AF-4D24-82F7-4D52189F3D23}.Release|x64.ActiveCfg = Release|Any CPU
		{78F74F84-19AF-4D24-82F7-4D52189F3D23}.Release|x64.Build.0 = Release|Any CPU
		{78F74F84-19AF-4D24-82F7-4D52189F3D23}.Release|x86.ActiveCfg = Release|Any CPU
		{78F74F84-19AF-4D24-82F7-4D52189F3D23}.Release|x86.Build.0 = Release|Any CPU
		{7394BCCC-4251-4A51-BC7C-02A4C59615AD}.Debug|Any CPU.ActiveCfg = Debug|Any CPU
		{7394BCCC-4251-4A51-BC7C-02A4C59615AD}.Debug|Any CPU.Build.0 = Debug|Any CPU
		{7394BCCC-4251-4A51-BC7C-02A4C59615AD}.Debug|x64.ActiveCfg = Debug|Any CPU
		{7394BCCC-4251-4A51-BC7C-02A4C59615AD}.Debug|x64.Build.0 = Debug|Any CPU
		{7394BCCC-4251-4A51-BC7C-02A4C59615AD}.Debug|x86.ActiveCfg = Debug|Any CPU
		{7394BCCC-4251-4A51-BC7C-02A4C59615AD}.Debug|x86.Build.0 = Debug|Any CPU
		{7394BCCC-4251-4A51-BC7C-02A4C59615AD}.Release|Any CPU.ActiveCfg = Release|Any CPU
		{7394BCCC-4251-4A51-BC7C-02A4C59615AD}.Release|Any CPU.Build.0 = Release|Any CPU
		{7394BCCC-4251-4A51-BC7C-02A4C59615AD}.Release|x64.ActiveCfg = Release|Any CPU
		{7394BCCC-4251-4A51-BC7C-02A4C59615AD}.Release|x64.Build.0 = Release|Any CPU
		{7394BCCC-4251-4A51-BC7C-02A4C59615AD}.Release|x86.ActiveCfg = Release|Any CPU
		{7394BCCC-4251-4A51-BC7C-02A4C59615AD}.Release|x86.Build.0 = Release|Any CPU
	EndGlobalSection
EndGlobal
